
Microsoft Visual Studio Solution File, Format Version 12.00
# Visual Studio Version 17
VisualStudioVersion = 17.4.33213.308
MinimumVisualStudioVersion = 10.0.40219.1
Project("{888888A0-9F3D-457C-B088-3A5042F75D52}") = "GUI_11", "GUI_11.pyproj", "{5848E28E-9965-40CE-826C-A42BA42830F9}"
EndProject
Global
	GlobalSection(SolutionConfigurationPlatforms) = preSolution
		Debug|Any CPU = Debug|Any CPU
		Release|Any CPU = Release|Any CPU
	EndGlobalSection
	GlobalSection(ProjectConfigurationPlatforms) = postSolution
		{5848E28E-9965-40CE-826C-A42BA42830F9}.Debug|Any CPU.ActiveCfg = Debug|Any CPU
		{5848E28E-9965-40CE-826C-A42BA42830F9}.Release|Any CPU.ActiveCfg = Release|Any CPU
	EndGlobalSection
	GlobalSection(SolutionProperties) = preSolution
		HideSolutionNode = FALSE
	EndGlobalSection
	GlobalSection(ExtensibilityGlobals) = postSolution
		SolutionGuid = {363FB8CB-A108-4383-B549-766D416FB8D2}
	EndGlobalSection
EndGlobal
